{
    "name": "kotlin_sdk",
    "version": "1.0.0",
    "lockfileVersion": 1,
    "requires": true,
    "dependencies": {
        "kotlinx-coroutines-core": {
            "version": "1.2.2",
            "resolved": "https://registry.npmjs.org/kotlinx-coroutines-core/-/kotlinx-coroutines-core-1.2.2.tgz",
            "integrity": "sha512-03ZIn8jrqY98Ysz5K7JavRW+1KxDnw/P/eISH93SQBhioyKeT5sDxGNpoWcJeShJsY0SWymzbxOgQlKcnDJYWg=="
        }
    }
}
